{
  "nodes": {
    "asus-numberpad-driver": {
      "inputs": {
        "nixpkgs": [
          "nixpkgs"
        ]
      },
      "locked": {
        "lastModified": 1764530114,
        "narHash": "sha256-2/HiQz95BRMW7x3cBlIqKKWbwEOvC1cSiGvcJjIuvos=",
        "owner": "shawn8901",
        "repo": "asus-numberpad-driver",
        "rev": "756b878d640e16efbcd23a058ac436005bf3a589",
        "type": "github"
      },
      "original": {
        "owner": "shawn8901",
        "ref": "nixos_improvement",
        "repo": "asus-numberpad-driver",
        "type": "github"
      }
    },
    "den": {
      "locked": {
        "lastModified": 1767039335,
        "narHash": "sha256-pBt6ccJ+AIxmGAYvFem86mr4cmUSc7TWwZIlqzttRQM=",
        "owner": "shawn8901",
        "repo": "den",
        "rev": "05cdc18c410545263050032cc73d3ded1566fadc",
        "type": "github"
      },
      "original": {
        "owner": "shawn8901",
        "repo": "den",
        "type": "github"
      }
    },
    "firefox-addons": {
      "inputs": {
        "nixpkgs": [
          "nixpkgs"
        ]
      },
      "locked": {
        "dir": "pkgs/firefox-addons",
        "lastModified": 1766981011,
        "narHash": "sha256-nnTf0Ztep/lLyDaMHgQ6yhrQbU25AURkYe+7Q3xUoEs=",
        "owner": "rycee",
        "repo": "nur-expressions",
        "rev": "823f00dcc519f13a44cca5b07b7162b0e25ec879",
        "type": "gitlab"
      },
      "original": {
        "dir": "pkgs/firefox-addons",
        "owner": "rycee",
        "repo": "nur-expressions",
        "type": "gitlab"
      }
    },
    "flake-aspects": {
      "locked": {
        "lastModified": 1766081176,
        "narHash": "sha256-JrsuNSIEXPS3AiIxuWZw+sJ2Td6ni1OkqbW6mO/F4Rs=",
        "owner": "vic",
        "repo": "flake-aspects",
        "rev": "d0a226c84be2900d307aa1896e4e2c6e451844b2",
        "type": "github"
      },
      "original": {
        "owner": "vic",
        "repo": "flake-aspects",
        "type": "github"
      }
    },
    "flake-file": {
      "locked": {
        "lastModified": 1763763269,
        "narHash": "sha256-i49Qkjy5TD5IPOp7lcqD5Bh47+FCFnJHNfn/Di/ysYU=",
        "owner": "vic",
        "repo": "flake-file",
        "rev": "af92ed37624496a435da68e5597f9a6593cdf0c4",
        "type": "github"
      },
      "original": {
        "owner": "vic",
        "repo": "flake-file",
        "type": "github"
      }
    },
    "flake-parts": {
      "inputs": {
        "nixpkgs-lib": [
          "nixpkgs-lib"
        ]
      },
      "locked": {
        "lastModified": 1765835352,
        "narHash": "sha256-XswHlK/Qtjasvhd1nOa1e8MgZ8GS//jBoTqWtrS1Giw=",
        "owner": "hercules-ci",
        "repo": "flake-parts",
        "rev": "a34fae9c08a15ad73f295041fec82323541400a9",
        "type": "github"
      },
      "original": {
        "owner": "hercules-ci",
        "repo": "flake-parts",
        "type": "github"
      }
    },
    "home-manager": {
      "inputs": {
        "nixpkgs": [
          "nixpkgs"
        ]
      },
      "locked": {
        "lastModified": 1766980997,
        "narHash": "sha256-oegDNAvyQwaG3GqSi4U5jpKM7SYHGESGVIuKMRV/lbw=",
        "owner": "nix-community",
        "repo": "home-manager",
        "rev": "7a7b43c7231a439d248179ba8d561dd6cd81799b",
        "type": "github"
      },
      "original": {
        "owner": "nix-community",
        "repo": "home-manager",
        "type": "github"
      }
    },
    "home-manager-stable": {
      "inputs": {
        "nixpkgs": [
          "nixpkgs-stable"
        ]
      },
      "locked": {
        "lastModified": 1767024057,
        "narHash": "sha256-B1aycRjMRvb6QOGbnqDhiDzZwMebj5jxZ5qyJzaKvpI=",
        "owner": "nix-community",
        "repo": "home-manager",
        "rev": "34578a2fdfce4257ce5f5baf6e7efbd4e4e252b1",
        "type": "github"
      },
      "original": {
        "owner": "nix-community",
        "ref": "release-25.11",
        "repo": "home-manager",
        "type": "github"
      }
    },
    "impermanence": {
      "locked": {
        "lastModified": 1737831083,
        "narHash": "sha256-LJggUHbpyeDvNagTUrdhe/pRVp4pnS6wVKALS782gRI=",
        "owner": "nix-community",
        "repo": "impermanence",
        "rev": "4b3e914cdf97a5b536a889e939fb2fd2b043a170",
        "type": "github"
      },
      "original": {
        "owner": "nix-community",
        "repo": "impermanence",
        "type": "github"
      }
    },
    "import-tree": {
      "locked": {
        "lastModified": 1763762820,
        "narHash": "sha256-ZvYKbFib3AEwiNMLsejb/CWs/OL/srFQ8AogkebEPF0=",
        "owner": "vic",
        "repo": "import-tree",
        "rev": "3c23749d8013ec6daa1d7255057590e9ca726646",
        "type": "github"
      },
      "original": {
        "owner": "vic",
        "repo": "import-tree",
        "type": "github"
      }
    },
    "nixpkgs": {
      "locked": {
        "lastModified": 1766984714,
        "narHash": "sha256-1OUcSph73yeHXNa7f6BIn2PSqC/Uw5CPRsKwoOnNTos=",
        "owner": "shawn8901",
        "repo": "nixpkgs",
        "rev": "750c9fe0b163a93a7e8cc8325ab8258e246a5c03",
        "type": "github"
      },
      "original": {
        "owner": "shawn8901",
        "ref": "nixos-unstable-custom",
        "repo": "nixpkgs",
        "type": "github"
      }
    },
    "nixpkgs-stable": {
      "locked": {
        "lastModified": 1767032436,
        "narHash": "sha256-JjVm3mjij4K+OONBAU2qlrrMa/xLI7+EVDqvMPRCdJk=",
        "owner": "nixos",
        "repo": "nixpkgs",
        "rev": "0e02fbd95e70dbe56bfc9a0cafd1ddbce7139438",
        "type": "github"
      },
      "original": {
        "owner": "nixos",
        "ref": "release-25.11",
        "repo": "nixpkgs",
        "type": "github"
      }
    },
    "root": {
      "inputs": {
        "asus-numberpad-driver": "asus-numberpad-driver",
        "den": "den",
        "firefox-addons": "firefox-addons",
        "flake-aspects": "flake-aspects",
        "flake-file": "flake-file",
        "flake-parts": "flake-parts",
        "home-manager": "home-manager",
        "home-manager-stable": "home-manager-stable",
        "impermanence": "impermanence",
        "import-tree": "import-tree",
        "nixpkgs": "nixpkgs",
        "nixpkgs-lib": [
          "nixpkgs"
        ],
        "nixpkgs-stable": "nixpkgs-stable",
        "sops-nix": "sops-nix",
        "systems": "systems"
      }
    },
    "sops-nix": {
      "inputs": {
        "nixpkgs": [
          "nixpkgs"
        ]
      },
      "locked": {
        "lastModified": 1766894905,
        "narHash": "sha256-pn8AxxfajqyR/Dmr1wnZYdUXHgM3u6z9x0Z1Ijmz2UQ=",
        "owner": "Mic92",
        "repo": "sops-nix",
        "rev": "61b39c7b657081c2adc91b75dd3ad8a91d6f07a7",
        "type": "github"
      },
      "original": {
        "owner": "Mic92",
        "repo": "sops-nix",
        "type": "github"
      }
    },
    "systems": {
      "locked": {
        "lastModified": 1681028828,
        "narHash": "sha256-Vy1rq5AaRuLzOxct8nz4T6wlgyUR7zLU309k9mBC768=",
        "owner": "nix-systems",
        "repo": "default",
        "rev": "da67096a3b9bf56a91d16901293e51ba5b49a27e",
        "type": "github"
      },
      "original": {
        "owner": "nix-systems",
        "repo": "default",
        "type": "github"
      }
    }
  },
  "root": "root",
  "version": 7
}
